
Microsoft Visual Studio Solution File, Format Version 12.00
# Visual Studio 14
VisualStudioVersion = 14.0.22823.1
MinimumVisualStudioVersion = 10.0.40219.1
Project("{FAE04EC0-301F-11D3-BF4B-00C04F79EFBC}") = "PiFaceDigital2Sample", "PiFaceDigital2\PiFaceDigital2Sample.csproj", "{FF290EB8-764A-4E11-A0E3-13A566DBF923}"
EndProject
Project("{FAE04EC0-301F-11D3-BF4B-00C04F79EFBC}") = "PiFaceDigital2", "MCP23S17\PiFaceDigital2.csproj", "{74756682-88D4-48CF-B33F-BD790E00D746}"
EndProject
Global
	GlobalSection(SolutionConfigurationPlatforms) = preSolution
		Debug|Any CPU = Debug|Any CPU
		Debug|ARM = Debug|ARM
		Debug|x64 = Debug|x64
		Debug|x86 = Debug|x86
		Release|Any CPU = Release|Any CPU
		Release|ARM = Release|ARM
		Release|x64 = Release|x64
		Release|x86 = Release|x86
	EndGlobalSection
	GlobalSection(ProjectConfigurationPlatforms) = postSolution
		{FF290EB8-764A-4E11-A0E3-13A566DBF923}.Debug|Any CPU.ActiveCfg = Debug|x86
		{FF290EB8-764A-4E11-A0E3-13A566DBF923}.Debug|ARM.ActiveCfg = Debug|ARM
		{FF290EB8-764A-4E11-A0E3-13A566DBF923}.Debug|ARM.Build.0 = Debug|ARM
		{FF290EB8-764A-4E11-A0E3-13A566DBF923}.Debug|ARM.Deploy.0 = Debug|ARM
		{FF290EB8-764A-4E11-A0E3-13A566DBF923}.Debug|x64.ActiveCfg = Debug|x64
		{FF290EB8-764A-4E11-A0E3-13A566DBF923}.Debug|x64.Build.0 = Debug|x64
		{FF290EB8-764A-4E11-A0E3-13A566DBF923}.Debug|x64.Deploy.0 = Debug|x64
		{FF290EB8-764A-4E11-A0E3-13A566DBF923}.Debug|x86.ActiveCfg = Debug|x86
		{FF290EB8-764A-4E11-A0E3-13A566DBF923}.Debug|x86.Build.0 = Debug|x86
		{FF290EB8-764A-4E11-A0E3-13A566DBF923}.Debug|x86.Deploy.0 = Debug|x86
		{FF290EB8-764A-4E11-A0E3-13A566DBF923}.Release|Any CPU.ActiveCfg = Release|x86
		{FF290EB8-764A-4E11-A0E3-13A566DBF923}.Release|ARM.ActiveCfg = Release|ARM
		{FF290EB8-764A-4E11-A0E3-13A566DBF923}.Release|ARM.Build.0 = Release|ARM
		{FF290EB8-764A-4E11-A0E3-13A566DBF923}.Release|ARM.Deploy.0 = Release|ARM
		{FF290EB8-764A-4E11-A0E3-13A566DBF923}.Release|x64.ActiveCfg = Release|x64
		{FF290EB8-764A-4E11-A0E3-13A566DBF923}.Release|x64.Build.0 = Release|x64
		{FF290EB8-764A-4E11-A0E3-13A566DBF923}.Release|x64.Deploy.0 = Release|x64
		{FF290EB8-764A-4E11-A0E3-13A566DBF923}.Release|x86.ActiveCfg = Release|x86
		{FF290EB8-764A-4E11-A0E3-13A566DBF923}.Release|x86.Build.0 = Release|x86
		{FF290EB8-764A-4E11-A0E3-13A566DBF923}.Release|x86.Deploy.0 = Release|x86
		{74756682-88D4-48CF-B33F-BD790E00D746}.Debug|Any CPU.ActiveCfg = Debug|Any CPU
		{74756682-88D4-48CF-B33F-BD790E00D746}.Debug|Any CPU.Build.0 = Debug|Any CPU
		{74756682-88D4-48CF-B33F-BD790E00D746}.Debug|ARM.ActiveCfg = Debug|ARM
		{74756682-88D4-48CF-B33F-BD790E00D746}.Debug|ARM.Build.0 = Debug|ARM
		{74756682-88D4-48CF-B33F-BD790E00D746}.Debug|x64.ActiveCfg = Debug|x64
		{74756682-88D4-48CF-B33F-BD790E00D746}.Debug|x64.Build.0 = Debug|x64
		{74756682-88D4-48CF-B33F-BD790E00D746}.Debug|x86.ActiveCfg = Debug|x86
		{74756682-88D4-48CF-B33F-BD790E00D746}.Debug|x86.Build.0 = Debug|x86
		{74756682-88D4-48CF-B33F-BD790E00D746}.Release|Any CPU.ActiveCfg = Release|Any CPU
		{74756682-88D4-48CF-B33F-BD790E00D746}.Release|Any CPU.Build.0 = Release|Any CPU
		{74756682-88D4-48CF-B33F-BD790E00D746}.Release|ARM.ActiveCfg = Release|ARM
		{74756682-88D4-48CF-B33F-BD790E00D746}.Release|ARM.Build.0 = Release|ARM
		{74756682-88D4-48CF-B33F-BD790E00D746}.Release|x64.ActiveCfg = Release|x64
		{74756682-88D4-48CF-B33F-BD790E00D746}.Release|x64.Build.0 = Release|x64
		{74756682-88D4-48CF-B33F-BD790E00D746}.Release|x86.ActiveCfg = Release|x86
		{74756682-88D4-48CF-B33F-BD790E00D746}.Release|x86.Build.0 = Release|x86
	EndGlobalSection
	GlobalSection(SolutionProperties) = preSolution
		HideSolutionNode = FALSE
	EndGlobalSection
EndGlobal
